// !$*UTF8*$!
{
	archiveVersion = 1;
	classes = {
	};
	objectVersion = 46;
	objects = {

/* Begin PBXBuildFile section */
		37435A701D94AF7D00FA9ECA /* HamburgerViewController.m in Sources */ = {isa = PBXBuildFile; fileRef = 37435A6F1D94AF7D00FA9ECA /* HamburgerViewController.m */; };
		37435A731D94B2A400FA9ECA /* MenuViewController.m in Sources */ = {isa = PBXBuildFile; fileRef = 37435A721D94B2A400FA9ECA /* MenuViewController.m */; };
		37435A761D94B2D800FA9ECA /* ContentViewController.m in Sources */ = {isa = PBXBuildFile; fileRef = 37435A751D94B2D800FA9ECA /* ContentViewController.m */; };
		37A582E61D91DBB100F4A372 /* TwitterClient.m in Sources */ = {isa = PBXBuildFile; fileRef = 37A582E51D91DBB100F4A372 /* TwitterClient.m */; };
		37A582EA1D91E47900F4A372 /* Tweet.m in Sources */ = {isa = PBXBuildFile; fileRef = 37A582E91D91E47900F4A372 /* Tweet.m */; };
		37A582ED1D91E48600F4A372 /* User.m in Sources */ = {isa = PBXBuildFile; fileRef = 37A582EC1D91E48600F4A372 /* User.m */; };
		37A582EF1D9202D400F4A372 /* Main.storyboard in Resources */ = {isa = PBXBuildFile; fileRef = 37A582EE1D9202D400F4A372 /* Main.storyboard */; };
		37A582F31D92414D00F4A372 /* TweetsViewController.m in Sources */ = {isa = PBXBuildFile; fileRef = 37A582F21D92414D00F4A372 /* TweetsViewController.m */; };
		37A5831C1D9322D900F4A372 /* TweetCell.m in Sources */ = {isa = PBXBuildFile; fileRef = 37A5831B1D9322D900F4A372 /* TweetCell.m */; };
		37FC1F861D94645D006587C5 /* ComposeViewController.m in Sources */ = {isa = PBXBuildFile; fileRef = 37FC1F851D94645D006587C5 /* ComposeViewController.m */; };
		37FDBA781D90E5AB00C34ECA /* main.m in Sources */ = {isa = PBXBuildFile; fileRef = 37FDBA771D90E5AB00C34ECA /* main.m */; };
		37FDBA7B1D90E5AB00C34ECA /* AppDelegate.m in Sources */ = {isa = PBXBuildFile; fileRef = 37FDBA7A1D90E5AB00C34ECA /* AppDelegate.m */; };
		37FDBA831D90E5AB00C34ECA /* Assets.xcassets in Resources */ = {isa = PBXBuildFile; fileRef = 37FDBA821D90E5AB00C34ECA /* Assets.xcassets */; };
		37FDBA861D90E5AB00C34ECA /* LaunchScreen.storyboard in Resources */ = {isa = PBXBuildFile; fileRef = 37FDBA841D90E5AB00C34ECA /* LaunchScreen.storyboard */; };
		37FDBA901D90E84900C34ECA /* LoginViewController.m in Sources */ = {isa = PBXBuildFile; fileRef = 37FDBA8E1D90E84900C34ECA /* LoginViewController.m */; };
		37FDBA911D90E84900C34ECA /* LoginViewController.xib in Resources */ = {isa = PBXBuildFile; fileRef = 37FDBA8F1D90E84900C34ECA /* LoginViewController.xib */; };
		68305B0A5F6BD9A0FE6C54B7 /* libPods-chirpy.a in Frameworks */ = {isa = PBXBuildFile; fileRef = 21EED5811B26F8F463088A5C /* libPods-chirpy.a */; };
/* End PBXBuildFile section */

/* Begin PBXFileReference section */
		21EED5811B26F8F463088A5C /* libPods-chirpy.a */ = {isa = PBXFileReference; explicitFileType = archive.ar; includeInIndex = 0; path = "libPods-chirpy.a"; sourceTree = BUILT_PRODUCTS_DIR; };
		36B7C440D43962582BD703B9 /* Pods-chirpy.release.xcconfig */ = {isa = PBXFileReference; includeInIndex = 1; lastKnownFileType = text.xcconfig; name = "Pods-chirpy.release.xcconfig"; path = "Pods/Target Support Files/Pods-chirpy/Pods-chirpy.release.xcconfig"; sourceTree = "<group>"; };
		37435A6E1D94AF7D00FA9ECA /* HamburgerViewController.h */ = {isa = PBXFileReference; fileEncoding = 4; lastKnownFileType = sourcecode.c.h; path = HamburgerViewController.h; sourceTree = "<group>"; };
		37435A6F1D94AF7D00FA9ECA /* HamburgerViewController.m */ = {isa = PBXFileReference; fileEncoding = 4; lastKnownFileType = sourcecode.c.objc; path = HamburgerViewController.m; sourceTree = "<group>"; };
		37435A711D94B2A400FA9ECA /* MenuViewController.h */ = {isa = PBXFileReference; fileEncoding = 4; lastKnownFileType = sourcecode.c.h; path = MenuViewController.h; sourceTree = "<group>"; };
		37435A721D94B2A400FA9ECA /* MenuViewController.m */ = {isa = PBXFileReference; fileEncoding = 4; lastKnownFileType = sourcecode.c.objc; path = MenuViewController.m; sourceTree = "<group>"; };
		37435A741D94B2D800FA9ECA /* ContentViewController.h */ = {isa = PBXFileReference; fileEncoding = 4; lastKnownFileType = sourcecode.c.h; path = ContentViewController.h; sourceTree = "<group>"; };
		37435A751D94B2D800FA9ECA /* ContentViewController.m */ = {isa = PBXFileReference; fileEncoding = 4; lastKnownFileType = sourcecode.c.objc; path = ContentViewController.m; sourceTree = "<group>"; };
		37A582E41D91DBB100F4A372 /* TwitterClient.h */ = {isa = PBXFileReference; fileEncoding = 4; lastKnownFileType = sourcecode.c.h; path = TwitterClient.h; sourceTree = "<group>"; };
		37A582E51D91DBB100F4A372 /* TwitterClient.m */ = {isa = PBXFileReference; fileEncoding = 4; lastKnownFileType = sourcecode.c.objc; path = TwitterClient.m; sourceTree = "<group>"; };
		37A582E81D91E47900F4A372 /* Tweet.h */ = {isa = PBXFileReference; fileEncoding = 4; lastKnownFileType = sourcecode.c.h; path = Tweet.h; sourceTree = "<group>"; };
		37A582E91D91E47900F4A372 /* Tweet.m */ = {isa = PBXFileReference; fileEncoding = 4; lastKnownFileType = sourcecode.c.objc; path = Tweet.m; sourceTree = "<group>"; };
		37A582EB1D91E48600F4A372 /* User.h */ = {isa = PBXFileReference; fileEncoding = 4; lastKnownFileType = sourcecode.c.h; path = User.h; sourceTree = "<group>"; };
		37A582EC1D91E48600F4A372 /* User.m */ = {isa = PBXFileReference; fileEncoding = 4; lastKnownFileType = sourcecode.c.objc; path = User.m; sourceTree = "<group>"; };
		37A582EE1D9202D400F4A372 /* Main.storyboard */ = {isa = PBXFileReference; fileEncoding = 4; lastKnownFileType = file.storyboard; name = Main.storyboard; path = ../Main.storyboard; sourceTree = "<group>"; };
		37A582F11D92414D00F4A372 /* TweetsViewController.h */ = {isa = PBXFileReference; fileEncoding = 4; lastKnownFileType = sourcecode.c.h; path = TweetsViewController.h; sourceTree = "<group>"; };
		37A582F21D92414D00F4A372 /* TweetsViewController.m */ = {isa = PBXFileReference; fileEncoding = 4; lastKnownFileType = sourcecode.c.objc; path = TweetsViewController.m; sourceTree = "<group>"; };
		37A5831A1D9322D900F4A372 /* TweetCell.h */ = {isa = PBXFileReference; fileEncoding = 4; lastKnownFileType = sourcecode.c.h; path = TweetCell.h; sourceTree = "<group>"; };
		37A5831B1D9322D900F4A372 /* TweetCell.m */ = {isa = PBXFileReference; fileEncoding = 4; lastKnownFileType = sourcecode.c.objc; path = TweetCell.m; sourceTree = "<group>"; };
		37A5831D1D93863700F4A372 /* chirpy.entitlements */ = {isa = PBXFileReference; lastKnownFileType = text.plist.entitlements; path = chirpy.entitlements; sourceTree = "<group>"; };
		37FC1F841D94645D006587C5 /* ComposeViewController.h */ = {isa = PBXFileReference; fileEncoding = 4; lastKnownFileType = sourcecode.c.h; path = ComposeViewController.h; sourceTree = "<group>"; };
		37FC1F851D94645D006587C5 /* ComposeViewController.m */ = {isa = PBXFileReference; fileEncoding = 4; lastKnownFileType = sourcecode.c.objc; path = ComposeViewController.m; sourceTree = "<group>"; };
		37FDBA731D90E5AB00C34ECA /* chirpy.app */ = {isa = PBXFileReference; explicitFileType = wrapper.application; includeInIndex = 0; path = chirpy.app; sourceTree = BUILT_PRODUCTS_DIR; };
		37FDBA771D90E5AB00C34ECA /* main.m */ = {isa = PBXFileReference; lastKnownFileType = sourcecode.c.objc; path = main.m; sourceTree = "<group>"; };
		37FDBA791D90E5AB00C34ECA /* AppDelegate.h */ = {isa = PBXFileReference; lastKnownFileType = sourcecode.c.h; path = AppDelegate.h; sourceTree = "<group>"; };
		37FDBA7A1D90E5AB00C34ECA /* AppDelegate.m */ = {isa = PBXFileReference; lastKnownFileType = sourcecode.c.objc; path = AppDelegate.m; sourceTree = "<group>"; };
		37FDBA821D90E5AB00C34ECA /* Assets.xcassets */ = {isa = PBXFileReference; lastKnownFileType = folder.assetcatalog; path = Assets.xcassets; sourceTree = "<group>"; };
		37FDBA851D90E5AB00C34ECA /* Base */ = {isa = PBXFileReference; lastKnownFileType = file.storyboard; name = Base; path = Base.lproj/LaunchScreen.storyboard; sourceTree = "<group>"; };
		37FDBA871D90E5AB00C34ECA /* Info.plist */ = {isa = PBXFileReference; lastKnownFileType = text.plist.xml; path = Info.plist; sourceTree = "<group>"; };
		37FDBA8D1D90E84900C34ECA /* LoginViewController.h */ = {isa = PBXFileReference; fileEncoding = 4; lastKnownFileType = sourcecode.c.h; path = LoginViewController.h; sourceTree = "<group>"; };
		37FDBA8E1D90E84900C34ECA /* LoginViewController.m */ = {isa = PBXFileReference; fileEncoding = 4; lastKnownFileType = sourcecode.c.objc; path = LoginViewController.m; sourceTree = "<group>"; };
		37FDBA8F1D90E84900C34ECA /* LoginViewController.xib */ = {isa = PBXFileReference; fileEncoding = 4; lastKnownFileType = file.xib; path = LoginViewController.xib; sourceTree = "<group>"; };
		4250F7234CB2AA67A50498D5 /* Pods-chirpy.debug.xcconfig */ = {isa = PBXFileReference; includeInIndex = 1; lastKnownFileType = text.xcconfig; name = "Pods-chirpy.debug.xcconfig"; path = "Pods/Target Support Files/Pods-chirpy/Pods-chirpy.debug.xcconfig"; sourceTree = "<group>"; };
/* End PBXFileReference section */

/* Begin PBXFrameworksBuildPhase section */
		37FDBA701D90E5AB00C34ECA /* Frameworks */ = {
			isa = PBXFrameworksBuildPhase;
			buildActionMask = 2147483647;
			files = (
				68305B0A5F6BD9A0FE6C54B7 /* libPods-chirpy.a in Frameworks */,
			);
			runOnlyForDeploymentPostprocessing = 0;
		};
/* End PBXFrameworksBuildPhase section */

/* Begin PBXGroup section */
		0A39EC63E1D9B87732C973F7 /* Pods */ = {
			isa = PBXGroup;
			children = (
				4250F7234CB2AA67A50498D5 /* Pods-chirpy.debug.xcconfig */,
				36B7C440D43962582BD703B9 /* Pods-chirpy.release.xcconfig */,
			);
			name = Pods;
			sourceTree = "<group>";
		};
		37A582E71D91E45000F4A372 /* models */ = {
			isa = PBXGroup;
			children = (
				37A582E81D91E47900F4A372 /* Tweet.h */,
				37A582E91D91E47900F4A372 /* Tweet.m */,
				37A582EB1D91E48600F4A372 /* User.h */,
				37A582EC1D91E48600F4A372 /* User.m */,
			);
			name = models;
			sourceTree = "<group>";
		};
		37A582F01D92410300F4A372 /* ViewControllers */ = {
			isa = PBXGroup;
			children = (
				37FDBA8D1D90E84900C34ECA /* LoginViewController.h */,
				37FDBA8E1D90E84900C34ECA /* LoginViewController.m */,
				37FDBA8F1D90E84900C34ECA /* LoginViewController.xib */,
				37A582F11D92414D00F4A372 /* TweetsViewController.h */,
				37A582F21D92414D00F4A372 /* TweetsViewController.m */,
				37FC1F841D94645D006587C5 /* ComposeViewController.h */,
				37FC1F851D94645D006587C5 /* ComposeViewController.m */,
				37435A6E1D94AF7D00FA9ECA /* HamburgerViewController.h */,
				37435A6F1D94AF7D00FA9ECA /* HamburgerViewController.m */,
				37435A711D94B2A400FA9ECA /* MenuViewController.h */,
				37435A721D94B2A400FA9ECA /* MenuViewController.m */,
				37435A741D94B2D800FA9ECA /* ContentViewController.h */,
				37435A751D94B2D800FA9ECA /* ContentViewController.m */,
			);
			name = ViewControllers;
			sourceTree = "<group>";
		};
		37FDBA6A1D90E5AB00C34ECA = {
			isa = PBXGroup;
			children = (
				37FDBA751D90E5AB00C34ECA /* chirpy */,
				37FDBA741D90E5AB00C34ECA /* Products */,
				0A39EC63E1D9B87732C973F7 /* Pods */,
				C94DAAC8F98DF80A3117F81B /* Frameworks */,
			);
			sourceTree = "<group>";
		};
		37FDBA741D90E5AB00C34ECA /* Products */ = {
			isa = PBXGroup;
			children = (
				37FDBA731D90E5AB00C34ECA /* chirpy.app */,
			);
			name = Products;
			sourceTree = "<group>";
		};
		37FDBA751D90E5AB00C34ECA /* chirpy */ = {
			isa = PBXGroup;
			children = (
				37A5831D1D93863700F4A372 /* chirpy.entitlements */,
				37A582F01D92410300F4A372 /* ViewControllers */,
				37A582E71D91E45000F4A372 /* models */,
				37FDBA791D90E5AB00C34ECA /* AppDelegate.h */,
				37FDBA7A1D90E5AB00C34ECA /* AppDelegate.m */,
				37FDBA821D90E5AB00C34ECA /* Assets.xcassets */,
				37A582EE1D9202D400F4A372 /* Main.storyboard */,
				37FDBA841D90E5AB00C34ECA /* LaunchScreen.storyboard */,
				37FDBA871D90E5AB00C34ECA /* Info.plist */,
				37FDBA761D90E5AB00C34ECA /* Supporting Files */,
				37A582E41D91DBB100F4A372 /* TwitterClient.h */,
				37A582E51D91DBB100F4A372 /* TwitterClient.m */,
				37A5831A1D9322D900F4A372 /* TweetCell.h */,
				37A5831B1D9322D900F4A372 /* TweetCell.m */,
			);
			path = chirpy;
			sourceTree = "<group>";
		};
		37FDBA761D90E5AB00C34ECA /* Supporting Files */ = {
			isa = PBXGroup;
			children = (
				37FDBA771D90E5AB00C34ECA /* main.m */,
			);
			name = "Supporting Files";
			sourceTree = "<group>";
		};
		C94DAAC8F98DF80A3117F81B /* Frameworks */ = {
			isa = PBXGroup;
			children = (
				21EED5811B26F8F463088A5C /* libPods-chirpy.a */,
			);
			name = Frameworks;
			sourceTree = "<group>";
		};
/* End PBXGroup section */

/* Begin PBXNativeTarget section */
		37FDBA721D90E5AB00C34ECA /* chirpy */ = {
			isa = PBXNativeTarget;
			buildConfigurationList = 37FDBA8A1D90E5AB00C34ECA /* Build configuration list for PBXNativeTarget "chirpy" */;
			buildPhases = (
				F20FF6F2D13D659E1B2EF704 /* [CP] Check Pods Manifest.lock */,
				37FDBA6F1D90E5AB00C34ECA /* Sources */,
				37FDBA701D90E5AB00C34ECA /* Frameworks */,
				37FDBA711D90E5AB00C34ECA /* Resources */,
				CCE9E062AED90FE9F5F261E6 /* [CP] Embed Pods Frameworks */,
				74D48C3927CE80F06E3E2BB6 /* [CP] Copy Pods Resources */,
			);
			buildRules = (
			);
			dependencies = (
			);
			name = chirpy;
			productName = chirpy;
			productReference = 37FDBA731D90E5AB00C34ECA /* chirpy.app */;
			productType = "com.apple.product-type.application";
		};
/* End PBXNativeTarget section */

/* Begin PBXProject section */
		37FDBA6B1D90E5AB00C34ECA /* Project object */ = {
			isa = PBXProject;
			attributes = {
				LastUpgradeCheck = 0800;
				ORGANIZATIONNAME = valionka;
				TargetAttributes = {
					37FDBA721D90E5AB00C34ECA = {
						CreatedOnToolsVersion = 8.0;
						DevelopmentTeam = 5J66Y4DMNQ;
						ProvisioningStyle = Automatic;
						SystemCapabilities = {
							com.apple.Keychain = {
								enabled = 1;
							};
						};
					};
				};
			};
			buildConfigurationList = 37FDBA6E1D90E5AB00C34ECA /* Build configuration list for PBXProject "chirpy" */;
			compatibilityVersion = "Xcode 3.2";
			developmentRegion = English;
			hasScannedForEncodings = 0;
			knownRegions = (
				en,
				Base,
			);
			mainGroup = 37FDBA6A1D90E5AB00C34ECA;
			productRefGroup = 37FDBA741D90E5AB00C34ECA /* Products */;
			projectDirPath = "";
			projectRoot = "";
			targets = (
				37FDBA721D90E5AB00C34ECA /* chirpy */,
			);
		};
/* End PBXProject section */

/* Begin PBXResourcesBuildPhase section */
		37FDBA711D90E5AB00C34ECA /* Resources */ = {
			isa = PBXResourcesBuildPhase;
			buildActionMask = 2147483647;
			files = (
				37FDBA861D90E5AB00C34ECA /* LaunchScreen.storyboard in Resources */,
				37FDBA831D90E5AB00C34ECA /* Assets.xcassets in Resources */,
				37FDBA911D90E84900C34ECA /* LoginViewController.xib in Resources */,
				37A582EF1D9202D400F4A372 /* Main.storyboard in Resources */,
			);
			runOnlyForDeploymentPostprocessing = 0;
		};
/* End PBXResourcesBuildPhase section */

/* Begin PBXShellScriptBuildPhase section */
		74D48C3927CE80F06E3E2BB6 /* [CP] Copy Pods Resources */ = {
			isa = PBXShellScriptBuildPhase;
			buildActionMask = 2147483647;
			files = (
			);
			inputPaths = (
			);
			name = "[CP] Copy Pods Resources";
			outputPaths = (
			);
			runOnlyForDeploymentPostprocessing = 0;
			shellPath = /bin/sh;
			shellScript = "\"${SRCROOT}/Pods/Target Support Files/Pods-chirpy/Pods-chirpy-resources.sh\"\n";
			showEnvVarsInLog = 0;
		};
		CCE9E062AED90FE9F5F261E6 /* [CP] Embed Pods Frameworks */ = {
			isa = PBXShellScriptBuildPhase;
			buildActionMask = 2147483647;
			files = (
			);
			inputPaths = (
			);
			name = "[CP] Embed Pods Frameworks";
			outputPaths = (
			);
			runOnlyForDeploymentPostprocessing = 0;
			shellPath = /bin/sh;
			shellScript = "\"${SRCROOT}/Pods/Target Support Files/Pods-chirpy/Pods-chirpy-frameworks.sh\"\n";
			showEnvVarsInLog = 0;
		};
		F20FF6F2D13D659E1B2EF704 /* [CP] Check Pods Manifest.lock */ = {
			isa = PBXShellScriptBuildPhase;
			buildActionMask = 2147483647;
			files = (
			);
			inputPaths = (
			);
			name = "[CP] Check Pods Manifest.lock";
			outputPaths = (
			);
			runOnlyForDeploymentPostprocessing = 0;
			shellPath = /bin/sh;
			shellScript = "diff \"${PODS_ROOT}/../Podfile.lock\" \"${PODS_ROOT}/Manifest.lock\" > /dev/null\nif [[ $? != 0 ]] ; then\n    cat << EOM\nerror: The sandbox is not in sync with the Podfile.lock. Run 'pod install' or update your CocoaPods installation.\nEOM\n    exit 1\nfi\n";
			showEnvVarsInLog = 0;
		};
/* End PBXShellScriptBuildPhase section */

/* Begin PBXSourcesBuildPhase section */
		37FDBA6F1D90E5AB00C34ECA /* Sources */ = {
			isa = PBXSourcesBuildPhase;
			buildActionMask = 2147483647;
			files = (
				37A582E61D91DBB100F4A372 /* TwitterClient.m in Sources */,
				37FDBA7B1D90E5AB00C34ECA /* AppDelegate.m in Sources */,
				37A582ED1D91E48600F4A372 /* User.m in Sources */,
				37FC1F861D94645D006587C5 /* ComposeViewController.m in Sources */,
				37435A701D94AF7D00FA9ECA /* HamburgerViewController.m in Sources */,
				37A582EA1D91E47900F4A372 /* Tweet.m in Sources */,
				37FDBA781D90E5AB00C34ECA /* main.m in Sources */,
				37FDBA901D90E84900C34ECA /* LoginViewController.m in Sources */,
				37435A761D94B2D800FA9ECA /* ContentViewController.m in Sources */,
				37A582F31D92414D00F4A372 /* TweetsViewController.m in Sources */,
				37435A731D94B2A400FA9ECA /* MenuViewController.m in Sources */,
				37A5831C1D9322D900F4A372 /* TweetCell.m in Sources */,
			);
			runOnlyForDeploymentPostprocessing = 0;
		};
/* End PBXSourcesBuildPhase section */

/* Begin PBXVariantGroup section */
		37FDBA841D90E5AB00C34ECA /* LaunchScreen.storyboard */ = {
			isa = PBXVariantGroup;
			children = (
				37FDBA851D90E5AB00C34ECA /* Base */,
			);
			name = LaunchScreen.storyboard;
			sourceTree = "<group>";
		};
/* End PBXVariantGroup section */

/* Begin XCBuildConfiguration section */
		37FDBA881D90E5AB00C34ECA /* Debug */ = {
			isa = XCBuildConfiguration;
			buildSettings = {
				ALWAYS_SEARCH_USER_PATHS = NO;
				CLANG_ANALYZER_NONNULL = YES;
				CLANG_CXX_LANGUAGE_STANDARD = "gnu++0x";
				CLANG_CXX_LIBRARY = "libc++";
				CLANG_ENABLE_MODULES = YES;
				CLANG_ENABLE_OBJC_ARC = YES;
				CLANG_WARN_BOOL_CONVERSION = YES;
				CLANG_WARN_CONSTANT_CONVERSION = YES;
				CLANG_WARN_DIRECT_OBJC_ISA_USAGE = YES_ERROR;
				CLANG_WARN_DOCUMENTATION_COMMENTS = YES;
				CLANG_WARN_EMPTY_BODY = YES;
				CLANG_WARN_ENUM_CONVERSION = YES;
				CLANG_WARN_INFINITE_RECURSION = YES;
				CLANG_WARN_INT_CONVERSION = YES;
				CLANG_WARN_OBJC_ROOT_CLASS = YES_ERROR;
				CLANG_WARN_SUSPICIOUS_MOVES = YES;
				CLANG_WARN_UNREACHABLE_CODE = YES;
				CLANG_WARN__DUPLICATE_METHOD_MATCH = YES;
				"CODE_SIGN_IDENTITY[sdk=iphoneos*]" = "iPhone Developer";
				COPY_PHASE_STRIP = NO;
				DEBUG_INFORMATION_FORMAT = dwarf;
				ENABLE_STRICT_OBJC_MSGSEND = YES;
				ENABLE_TESTABILITY = YES;
				GCC_C_LANGUAGE_STANDARD = gnu99;
				GCC_DYNAMIC_NO_PIC = NO;
				GCC_NO_COMMON_BLOCKS = YES;
				GCC_OPTIMIZATION_LEVEL = 0;
				GCC_PREPROCESSOR_DEFINITIONS = (
					"DEBUG=1",
					"$(inherited)",
				);
				GCC_WARN_64_TO_32_BIT_CONVERSION = YES;
				GCC_WARN_ABOUT_RETURN_TYPE = YES_ERROR;
				GCC_WARN_UNDECLARED_SELECTOR = YES;
				GCC_WARN_UNINITIALIZED_AUTOS = YES_AGGRESSIVE;
				GCC_WARN_UNUSED_FUNCTION = YES;
				GCC_WARN_UNUSED_VARIABLE = YES;
				IPHONEOS_DEPLOYMENT_TARGET = 10.0;
				MTL_ENABLE_DEBUG_INFO = YES;
				ONLY_ACTIVE_ARCH = YES;
				SDKROOT = iphoneos;
				TARGETED_DEVICE_FAMILY = "1,2";
			};
			name = Debug;
		};
		37FDBA891D90E5AB00C34ECA /* Release */ = {
			isa = XCBuildConfiguration;
			buildSettings = {
				ALWAYS_SEARCH_USER_PATHS = NO;
				CLANG_ANALYZER_NONNULL = YES;
				CLANG_CXX_LANGUAGE_STANDARD = "gnu++0x";
				CLANG_CXX_LIBRARY = "libc++";
				CLANG_ENABLE_MODULES = YES;
				CLANG_ENABLE_OBJC_ARC = YES;
				CLANG_WARN_BOOL_CONVERSION = YES;
				CLANG_WARN_CONSTANT_CONVERSION = YES;
				CLANG_WARN_DIRECT_OBJC_ISA_USAGE = YES_ERROR;
				CLANG_WARN_DOCUMENTATION_COMMENTS = YES;
				CLANG_WARN_EMPTY_BODY = YES;
				CLANG_WARN_ENUM_CONVERSION = YES;
				CLANG_WARN_INFINITE_RECURSION = YES;
				CLANG_WARN_INT_CONVERSION = YES;
				CLANG_WARN_OBJC_ROOT_CLASS = YES_ERROR;
				CLANG_WARN_SUSPICIOUS_MOVES = YES;
				CLANG_WARN_UNREACHABLE_CODE = YES;
				CLANG_WARN__DUPLICATE_METHOD_MATCH = YES;
				"CODE_SIGN_IDENTITY[sdk=iphoneos*]" = "iPhone Developer";
				COPY_PHASE_STRIP = NO;
				DEBUG_INFORMATION_FORMAT = "dwarf-with-dsym";
				ENABLE_NS_ASSERTIONS = NO;
				ENABLE_STRICT_OBJC_MSGSEND = YES;
				GCC_C_LANGUAGE_STANDARD = gnu99;
				GCC_NO_COMMON_BLOCKS = YES;
				GCC_WARN_64_TO_32_BIT_CONVERSION = YES;
				GCC_WARN_ABOUT_RETURN_TYPE = YES_ERROR;
				GCC_WARN_UNDECLARED_SELECTOR = YES;
				GCC_WARN_UNINITIALIZED_AUTOS = YES_AGGRESSIVE;
				GCC_WARN_UNUSED_FUNCTION = YES;
				GCC_WARN_UNUSED_VARIABLE = YES;
				IPHONEOS_DEPLOYMENT_TARGET = 10.0;
				MTL_ENABLE_DEBUG_INFO = NO;
				SDKROOT = iphoneos;
				TARGETED_DEVICE_FAMILY = "1,2";
				VALIDATE_PRODUCT = YES;
			};
			name = Release;
		};
		37FDBA8B1D90E5AB00C34ECA /* Debug */ = {
			isa = XCBuildConfiguration;
			baseConfigurationReference = 4250F7234CB2AA67A50498D5 /* Pods-chirpy.debug.xcconfig */;
			buildSettings = {
				ASSETCATALOG_COMPILER_APPICON_NAME = AppIcon;
				CODE_SIGN_ENTITLEMENTS = chirpy/chirpy.entitlements;
				DEVELOPMENT_TEAM = 5J66Y4DMNQ;
				INFOPLIST_FILE = chirpy/Info.plist;
				LD_RUNPATH_SEARCH_PATHS = "$(inherited) @executable_path/Frameworks";
				PRODUCT_BUNDLE_IDENTIFIER = com.valionka.chirpy;
				PRODUCT_NAME = "$(TARGET_NAME)";
			};
			name = Debug;
		};
		37FDBA8C1D90E5AB00C34ECA /* Release */ = {
			isa = XCBuildConfiguration;
			baseConfigurationReference = 36B7C440D43962582BD703B9 /* Pods-chirpy.release.xcconfig */;
			buildSettings = {
				ASSETCATALOG_COMPILER_APPICON_NAME = AppIcon;
				CODE_SIGN_ENTITLEMENTS = chirpy/chirpy.entitlements;
				DEVELOPMENT_TEAM = 5J66Y4DMNQ;
				INFOPLIST_FILE = chirpy/Info.plist;
				LD_RUNPATH_SEARCH_PATHS = "$(inherited) @executable_path/Frameworks";
				PRODUCT_BUNDLE_IDENTIFIER = com.valionka.chirpy;
				PRODUCT_NAME = "$(TARGET_NAME)";
			};
			name = Release;
		};
/* End XCBuildConfiguration section */

/* Begin XCConfigurationList section */
		37FDBA6E1D90E5AB00C34ECA /* Build configuration list for PBXProject "chirpy" */ = {
			isa = XCConfigurationList;
			buildConfigurations = (
				37FDBA881D90E5AB00C34ECA /* Debug */,
				37FDBA891D90E5AB00C34ECA /* Release */,
			);
			defaultConfigurationIsVisible = 0;
			defaultConfigurationName = Release;
		};
		37FDBA8A1D90E5AB00C34ECA /* Build configuration list for PBXNativeTarget "chirpy" */ = {
			isa = XCConfigurationList;
			buildConfigurations = (
				37FDBA8B1D90E5AB00C34ECA /* Debug */,
				37FDBA8C1D90E5AB00C34ECA /* Release */,
			);
			defaultConfigurationIsVisible = 0;
			defaultConfigurationName = Release;
		};
/* End XCConfigurationList section */
	};
	rootObject = 37FDBA6B1D90E5AB00C34ECA /* Project object */;
}
